{
    "_meta": {
        "hash": {
            "sha256": "a4a6fbd1bc09c20cdfb43e9fd8d75ec5b4bf8f14509410064a8d958e965e905c"
        },
        "pipfile-spec": 6,
        "requires": {
            "python_version": "3.8"
        },
        "sources": [
            {
                "name": "pypi",
                "url": "https://pypi.org/simple",
                "verify_ssl": true
            }
        ]
    },
    "default": {
        "alembic": {
            "hashes": [
                "sha256:4e02ed2aa796bd179965041afa092c55b51fb077de19d61835673cc80672c01c",
                "sha256:5334f32314fb2a56d86b4c4dd1ae34b08c03cae4cb888bc699942104d66bc245"
            ],
            "index": "pypi",
            "version": "==1.4.3"
        },
        "aniso8601": {
            "hashes": [
                "sha256:246bf8d3611527030889e6df970878969d3a2f760ba3eb694fa1fb10e6ce53f9",
                "sha256:51047d4fb51d7b8afd522b70f2d21a1b2487cbb7f7bd84ea852e9aa7808e7704"
            ],
            "index": "pypi",
            "version": "==8.1.0"
        },
        "click": {
            "hashes": [
                "sha256:d2b5255c7c6349bc1bd1e59e08cd12acbbd63ce649f2588755783aa94dfb6b1a",
                "sha256:dacca89f4bfadd5de3d7489b7c8a566eee0d3676333fbb50030263894c38c0dc"
            ],
            "index": "pypi",
            "version": "==7.1.2"
        },
        "dnspython": {
            "hashes": [
                "sha256:044af09374469c3a39eeea1a146e8cac27daec951f1f1f157b1962fc7cb9d1b7",
                "sha256:40bb3c24b9d4ec12500f0124288a65df232a3aa749bb0c39734b782873a2544d"
            ],
            "index": "pypi",
            "version": "==2.0.0"
        },
        "flask": {
            "hashes": [
                "sha256:4efa1ae2d7c9865af48986de8aeb8504bf32c7f3d6fdc9353d34b21f4b127060",
                "sha256:8a4fdd8936eba2512e9c85df320a37e694c93945b33ef33c89946a340a238557"
            ],
            "index": "pypi",
            "version": "==1.1.2"
        },
        "flask-cors": {
            "hashes": [
                "sha256:74efc975af1194fc7891ff5cd85b0f7478be4f7f59fe158102e91abb72bb4438",
                "sha256:b60839393f3b84a0f3746f6cdca56c1ad7426aa738b70d6c61375857823181de"
            ],
            "index": "pypi",
            "version": "==3.0.10"
        },
        "flask-jwt-extended": {
            "hashes": [
                "sha256:b2e4dba91661e4697b30269106386c2b29e416a00d9ff66b26c462edddc10078"
            ],
            "index": "pypi",
            "version": "==3.25.0"
        },
        "flask-restful": {
            "hashes": [
                "sha256:5ea9a5991abf2cb69b4aac19793faac6c032300505b325687d7c305ffaa76915",
                "sha256:d891118b951921f1cec80cabb4db98ea6058a35e6404788f9e70d5b243813ec2"
            ],
            "index": "pypi",
            "version": "==0.3.8"
        },
        "gunicorn": {
            "hashes": [
                "sha256:1904bb2b8a43658807108d59c3f3d56c2b6121a701161de0ddf9ad140073c626",
                "sha256:cd4a810dd51bf497552cf3f863b575dabd73d6ad6a91075b65936b151cbf4f9c"
            ],
            "index": "pypi",
            "version": "==20.0.4"
        },
        "itsdangerous": {
            "hashes": [
                "sha256:321b033d07f2a4136d3ec762eac9f16a10ccd60f53c0c91af90217ace7ba1f19",
                "sha256:b12271b2047cb23eeb98c8b5622e2e5c5e9abd9784a153e9d8ef9cb4dd09d749"
            ],
            "index": "pypi",
            "version": "==1.1.0"
        },
        "jinja2": {
            "hashes": [
                "sha256:89aab215427ef59c34ad58735269eb58b1a5808103067f7bb9d5836c651b3bb0",
                "sha256:f0a4641d3cf955324a89c04f3d94663aa4d638abe8f733ecd3582848e1c37035"
            ],
            "markers": "python_version >= '2.7' and python_version not in '3.0, 3.1, 3.2, 3.3, 3.4'",
            "version": "==2.11.2"
        },
        "mako": {
            "hashes": [
                "sha256:8195c8c1400ceb53496064314c6736719c6f25e7479cd24c77be3d9361cddc27",
                "sha256:93729a258e4ff0747c876bd9e20df1b9758028946e976324ccd2d68245c7b6a9"
            ],
            "index": "pypi",
            "version": "==1.1.3"
        },
        "markupsafe": {
            "hashes": [
                "sha256:00bc623926325b26bb9605ae9eae8a215691f33cae5df11ca5424f06f2d1f473",
                "sha256:09027a7803a62ca78792ad89403b1b7a73a01c8cb65909cd876f7fcebd79b161",
                "sha256:09c4b7f37d6c648cb13f9230d847adf22f8171b1ccc4d5682398e77f40309235",
                "sha256:1027c282dad077d0bae18be6794e6b6b8c91d58ed8a8d89a89d59693b9131db5",
                "sha256:13d3144e1e340870b25e7b10b98d779608c02016d5184cfb9927a9f10c689f42",
                "sha256:24982cc2533820871eba85ba648cd53d8623687ff11cbb805be4ff7b4c971aff",
                "sha256:29872e92839765e546828bb7754a68c418d927cd064fd4708fab9fe9c8bb116b",
                "sha256:43a55c2930bbc139570ac2452adf3d70cdbb3cfe5912c71cdce1c2c6bbd9c5d1",
                "sha256:46c99d2de99945ec5cb54f23c8cd5689f6d7177305ebff350a58ce5f8de1669e",
                "sha256:500d4957e52ddc3351cabf489e79c91c17f6e0899158447047588650b5e69183",
                "sha256:535f6fc4d397c1563d08b88e485c3496cf5784e927af890fb3c3aac7f933ec66",
                "sha256:596510de112c685489095da617b5bcbbac7dd6384aeebeda4df6025d0256a81b",
                "sha256:62fe6c95e3ec8a7fad637b7f3d372c15ec1caa01ab47926cfdf7a75b40e0eac1",
                "sha256:6788b695d50a51edb699cb55e35487e430fa21f1ed838122d722e0ff0ac5ba15",
                "sha256:6dd73240d2af64df90aa7c4e7481e23825ea70af4b4922f8ede5b9e35f78a3b1",
                "sha256:717ba8fe3ae9cc0006d7c451f0bb265ee07739daf76355d06366154ee68d221e",
                "sha256:79855e1c5b8da654cf486b830bd42c06e8780cea587384cf6545b7d9ac013a0b",
                "sha256:7c1699dfe0cf8ff607dbdcc1e9b9af1755371f92a68f706051cc8c37d447c905",
                "sha256:88e5fcfb52ee7b911e8bb6d6aa2fd21fbecc674eadd44118a9cc3863f938e735",
                "sha256:8defac2f2ccd6805ebf65f5eeb132adcf2ab57aa11fdf4c0dd5169a004710e7d",
                "sha256:98c7086708b163d425c67c7a91bad6e466bb99d797aa64f965e9d25c12111a5e",
                "sha256:9add70b36c5666a2ed02b43b335fe19002ee5235efd4b8a89bfcf9005bebac0d",
                "sha256:9bf40443012702a1d2070043cb6291650a0841ece432556f784f004937f0f32c",
                "sha256:ade5e387d2ad0d7ebf59146cc00c8044acbd863725f887353a10df825fc8ae21",
                "sha256:b00c1de48212e4cc9603895652c5c410df699856a2853135b3967591e4beebc2",
                "sha256:b1282f8c00509d99fef04d8ba936b156d419be841854fe901d8ae224c59f0be5",
                "sha256:b2051432115498d3562c084a49bba65d97cf251f5a331c64a12ee7e04dacc51b",
                "sha256:ba59edeaa2fc6114428f1637ffff42da1e311e29382d81b339c1817d37ec93c6",
                "sha256:c8716a48d94b06bb3b2524c2b77e055fb313aeb4ea620c8dd03a105574ba704f",
                "sha256:cd5df75523866410809ca100dc9681e301e3c27567cf498077e8551b6d20e42f",
                "sha256:cdb132fc825c38e1aeec2c8aa9338310d29d337bebbd7baa06889d09a60a1fa2",
                "sha256:e249096428b3ae81b08327a63a485ad0878de3fb939049038579ac0ef61e17e7",
                "sha256:e8313f01ba26fbbe36c7be1966a7b7424942f670f38e666995b88d012765b9be"
            ],
            "index": "pypi",
            "version": "==1.1.1"
        },
        "passlib": {
            "hashes": [
                "sha256:aa6bca462b8d8bda89c70b382f0c298a20b5560af6cbfa2dce410c0a2fb669f1",
                "sha256:defd50f72b65c5402ab2c573830a6978e5f202ad0d984793c8dde2c4152ebe04"
            ],
            "index": "pypi",
            "version": "==1.7.4"
        },
        "pyjwt": {
            "hashes": [
                "sha256:5c6eca3c2940464d106b99ba83b00c6add741c9becaec087fb7ccdefea71350e",
                "sha256:8d59a976fb773f3e6a39c85636357c4f0e242707394cadadd9814f5cbaa20e96"
            ],
            "version": "==1.7.1"
        },
        "pymongo": {
            "hashes": [
                "sha256:019ddf7ced8e42cc6c8c608927c799be8097237596c94ffe551f6ef70e55237e",
                "sha256:047c325c4a96e7be7d11acf58639bcf71a81ca212d9c6590e3369bc28678647a",
                "sha256:047cc2007b280672ddfdf2e7b862aad8d898f481f65bbc9067bfa4e420a019a9",
                "sha256:061d59f525831c4051af0b6dbafa62b0b8b168d4ef5b6e3c46d0811b8499d100",
                "sha256:082832a59da18efab4d9148cca396451bac99da9757f31767f706e828b5b8500",
                "sha256:0a53a751d977ad02f1bd22ddb6288bb4816c4758f44a50225462aeeae9cbf6a0",
                "sha256:1222025db539641071a1b67f6950f65a6342a39db5b454bf306abd6954f1ad8a",
                "sha256:1580fad512c678b720784e5c9018621b1b3bd37fb5b1633e874738862d6435c7",
                "sha256:202ea1d4edc8a5439fc179802d807b49e7e563207fea5610779e56674ac770c6",
                "sha256:21d7b48567a1c80f9266e0ab61c1218a31279d911da345679188733e354f81cc",
                "sha256:264843ce2af0640994a4331148ef5312989bc004678c457460758766c9b4decc",
                "sha256:270a1f6a331eac3a393090af06df68297cb31a8b2df0bdcbd97dc613c5758e78",
                "sha256:29a6840c2ac778010547cad5870f3db2e080ad7fad01197b07fff993c08692c8",
                "sha256:3646c2286d889618d43e01d9810ac1fc17709d2b4dec61366df5edc8ba228b3e",
                "sha256:36b9b98a39565a8f33803c81569442b35e749a72fb1aa7d0bcdb1a33052f8bcc",
                "sha256:3ec8f8e106a1476659d8c020228b45614daabdbdb6c6454a843a1d4f77d13339",
                "sha256:422069f2cebf58c9dd9e8040b4768f7be4f228c95bc4505e8fa8e7b4f7191ad8",
                "sha256:44376a657717de8847d5d71a9305f3595c7e78c91ac77edbb87058d12ede87a6",
                "sha256:45728e6aae3023afb5b2829586d1d2bfd9f0d71cfd7d3c924b71a5e9aef617a8",
                "sha256:46792b71ab802d9caf1fc9d52e83399ef8e1a36e91eef4d827c06e36b8df2230",
                "sha256:4942a5659ae927bb764a123a6409870ca5dd572d83b3bfb71412c9a191bbf792",
                "sha256:4be4fe9d18523da98deeb0b554ac76e1dc1562ee879d62572b34dda8593efcc1",
                "sha256:523804bd8fcb5255508052b50073a27c701b90a73ea46e29be46dad5fe01bde6",
                "sha256:540dafd6f4a0590fc966465c726b80fa7c0804490c39786ef29236fe68c94401",
                "sha256:5980509801cbd2942df31714d055d89863684b4de26829c349362e610a48694e",
                "sha256:5ad7b96c27acd7e256b33f47cf3d23bd7dd902f9c033ae43f32ffcbc37bebafd",
                "sha256:6122470dfa61d4909b75c98012c1577404ba4ab860d0095e0c6980560cb3711f",
                "sha256:6175fd105da74a09adb38f93be96e1f64873294c906e5e722cbbc5bd10c44e3b",
                "sha256:646d4d30c5aa7c0ddbfe9b990f0f77a88621024a21ad0b792bd9d58caa9611f0",
                "sha256:6700e251c6396cc05d7460dc05ef8e19e60a7b53b62c007725b48e123aaa2b1c",
                "sha256:6aac7e0e8de92f11a410eb68c24a2decbac6f094e82fd95d22546d0168e7a18b",
                "sha256:6e7a6057481a644970e43475292e1c0af095ca39a20fe83781196bd6e6690a38",
                "sha256:76579fcf77052b39796fe4a11818d1289dd48cffe15951b3403288fa163c29f6",
                "sha256:7e69fa025a1db189443428f345fea5555d16413df6addc056e17bb8c9794b006",
                "sha256:7f0c507e1f108790840d6c4b594019ebf595025c324c9f7e9c9b2b15b41f884e",
                "sha256:813db97e9955b6b1b50b5cebd18cb148580603bb9b067ea4c5cc656b333bc906",
                "sha256:82d5ded5834b6c92380847860eb28dcaf20b847a27cee5811c4aaceef87fd280",
                "sha256:82f6e42ba40440a7e0a20bfe12465a3b62d65966a4c7ad1a21b36ffff88de6fe",
                "sha256:8d669c720891781e7c82d412cad39f9730ef277e3957b48a3344dae47d3caa03",
                "sha256:944ed467feb949e103555863fa934fb84216a096b0004ca364d3ddf9d18e2b9e",
                "sha256:96c6aef7ffb0d37206c0342abb82d874fa8cdc344267277ec63f562b94335c22",
                "sha256:9be785bd4e1ba0148fb00ca84e4dbfbd1c74df3af3a648559adc60b0782f34de",
                "sha256:9d19843568df9d263dc92ae4cc2279879add8a26996473f9155590cac635b321",
                "sha256:a118a1df7280ffab7fe0f3eab325868339ff1c4d5b8e0750db0f0a796da8f849",
                "sha256:b4294ddf76452459433ecfa6a93258608b5e462c76ef15e4695ed5e2762f009f",
                "sha256:b50af6701b4a5288b77fb4db44a363aa9485caf2c3e7a40c0373fd45e34440af",
                "sha256:b875bb4b438931dce550e170bfb558597189b8d0160f4ac60f14a21955161699",
                "sha256:b95d2c2829b5956bf54d9a22ffec911dea75abf0f0f7e0a8a57423434bfbde91",
                "sha256:c046e09e886f4539f8626afba17fa8f2e6552731f9384e2827154e3e3b7fda4e",
                "sha256:c1d1992bbdf363b22b5a9543ab7d7c6f27a1498826d50d91319b803ddcf1142e",
                "sha256:c2b67881392a9e85aa108e75f62cdbe372d5a3f17ea5f8d3436dcf4662052f14",
                "sha256:c6cf288c9e03195d8e12b72a6388b32f18a5e9c2545622417a963e428e1fe496",
                "sha256:c812b6e53344e92f10f12235219fb769c491a4a87a02c9c3f93fe632e493bda8",
                "sha256:cc421babc687dc52ce0fc19787b2404518ca749d9db59576100946ff886f38ed",
                "sha256:ce53c00be204ec4428d3c1f3c478ae89d388efec575544c27f57b61e9fa4a7f2",
                "sha256:ce9964c117cbe5cf6269f30a2b334d28675956e988b7dbd0b4f7370924afda2e",
                "sha256:d6f82e86896a8db70e8ae8fa4b7556a0f188f1d8a6c53b2ba229889d55a59308",
                "sha256:d9d3ae537f61011191b2fd6f8527b9f9f8a848b37d4c85a0f7bb28004c42b546",
                "sha256:e565d1e4388765c135052717f15f9e0314f9d172062444c6b3fc0002e93ed04b",
                "sha256:ed98683d8f01f1c46ef2d02469e04e9a8fe9a73a9741a4e6e66677a73b59bec8",
                "sha256:ef18aa15b1aa18c42933deed5233b3284186e9ed85c25d2704ceff5099a3964c",
                "sha256:fa741e9c805567239f845c7e9a016aff797f9bb02ff9bc8ccd2fbd9eafefedd4",
                "sha256:fc4946acb6cdada08f60aca103b61334995523da65be5fe816ea8571c9967d46",
                "sha256:fcc66d17a3363b7bd6d2655de8706e25a3cd1be2bd1b8e8d8a5c504a6ef893ae"
            ],
            "index": "pypi",
            "version": "==3.11.2"
        },
        "python-dateutil": {
            "hashes": [
                "sha256:73ebfe9dbf22e832286dafa60473e4cd239f8592f699aa5adaf10050e6e1823c",
                "sha256:75bb3f31ea686f1197762692a9ee6a7550b59fc6ca3a1f4b5d7e32fb98e2da2a"
            ],
            "index": "pypi",
            "version": "==2.8.1"
        },
        "python-editor": {
            "hashes": [
                "sha256:1bf6e860a8ad52a14c3ee1252d5dc25b2030618ed80c022598f00176adc8367d",
                "sha256:51fda6bcc5ddbbb7063b2af7509e43bd84bfc32a4ff71349ec7847713882327b",
                "sha256:5f98b069316ea1c2ed3f67e7f5df6c0d8f10b689964a4a811ff64f0106819ec8",
                "sha256:c3da2053dbab6b29c94e43c486ff67206eafbe7eb52dbec7390b5e2fb05aac77",
                "sha256:ea87e17f6ec459e780e4221f295411462e0d0810858e055fc514684350a2f522"
            ],
            "index": "pypi",
            "version": "==1.0.4"
        },
        "pytz": {
            "hashes": [
                "sha256:16962c5fb8db4a8f63a26646d8886e9d769b6c511543557bc84e9569fb9a9cb4",
                "sha256:180befebb1927b16f6b57101720075a984c019ac16b1b7575673bea42c6c3da5"
            ],
            "index": "pypi",
            "version": "==2020.5"
        },
        "six": {
            "hashes": [
                "sha256:30639c035cdb23534cd4aa2dd52c3bf48f06e5f4a941509c8bafd8ce11080259",
                "sha256:8b74bedcbbbaca38ff6d7491d76f2b06b3592611af620f8426e82dddb04a5ced"
            ],
            "index": "pypi",
            "version": "==1.15.0"
        },
        "sqlalchemy": {
            "hashes": [
                "sha256:04f995fcbf54e46cddeb4f75ce9dfc17075d6ae04ac23b2bacb44b3bc6f6bf11",
                "sha256:0c6406a78a714a540d980a680b86654feadb81c8d0eecb59f3d6c554a4c69f19",
                "sha256:0c72b90988be749e04eff0342dcc98c18a14461eb4b2ad59d611b57b31120f90",
                "sha256:108580808803c7732f34798eb4a329d45b04c562ed83ee90f09f6a184a42b766",
                "sha256:1418f5e71d6081aa1095a1d6b567a562d2761996710bdce9b6e6ba20a03d0864",
                "sha256:17610d573e698bf395afbbff946544fbce7c5f4ee77b5bcb1f821b36345fae7a",
                "sha256:216ba5b4299c95ed179b58f298bda885a476b16288ab7243e89f29f6aeced7e0",
                "sha256:2ff132a379838b1abf83c065be54cef32b47c987aedd06b82fc76476c85225eb",
                "sha256:314f5042c0b047438e19401d5f29757a511cfc2f0c40d28047ca0e4c95eabb5b",
                "sha256:318b5b727e00662e5fc4b4cd2bf58a5116d7c1b4dd56ffaa7d68f43458a8d1ed",
                "sha256:3ab5b44a07b8c562c6dcb7433c6a6c6e03266d19d64f87b3333eda34e3b9936b",
                "sha256:426ece890153ccc52cc5151a1a0ed540a5a7825414139bb4c95a868d8da54a52",
                "sha256:491fe48adc07d13e020a8b07ef82eefc227003a046809c121bea81d3dbf1832d",
                "sha256:4a84c7c7658dd22a33dab2e2aa2d17c18cb004a42388246f2e87cb4085ef2811",
                "sha256:54da615e5b92c339e339fe8536cce99fe823b6ed505d4ea344852aefa1c205fb",
                "sha256:5a7f224cdb7233182cec2a45d4c633951268d6a9bcedac37abbf79dd07012aea",
                "sha256:61628715931f4962e0cdb2a7c87ff39eea320d2aa96bd471a3c293d146f90394",
                "sha256:62285607a5264d1f91590abd874d6a498e229d5840669bd7d9f654cfaa599bd0",
                "sha256:62fb881ba51dbacba9af9b779211cf9acff3442d4f2993142015b22b3cd1f92a",
                "sha256:68428818cf80c60dc04aa0f38da20ad39b28aba4d4d199f949e7d6e04444ea86",
                "sha256:6aaa13ee40c4552d5f3a59f543f0db6e31712cc4009ec7385407be4627259d41",
                "sha256:70121f0ae48b25ef3e56e477b88cd0b0af0e1f3a53b5554071aa6a93ef378a03",
                "sha256:715b34578cc740b743361f7c3e5f584b04b0f1344f45afc4e87fbac4802eb0a0",
                "sha256:758fc8c4d6c0336e617f9f6919f9daea3ab6bb9b07005eda9a1a682e24a6cacc",
                "sha256:7d4b8de6bb0bc736161cb0bbd95366b11b3eb24dd6b814a143d8375e75af9990",
                "sha256:81d8d099a49f83111cce55ec03cc87eef45eec0d90f9842b4fc674f860b857b0",
                "sha256:888d5b4b5aeed0d3449de93ea80173653e939e916cc95fe8527079e50235c1d2",
                "sha256:95bde07d19c146d608bccb9b16e144ec8f139bcfe7fd72331858698a71c9b4f5",
                "sha256:9bf572e4f5aa23f88dd902f10bb103cb5979022a38eec684bfa6d61851173fec",
                "sha256:bab5a1e15b9466a25c96cda19139f3beb3e669794373b9ce28c4cf158c6e841d",
                "sha256:bd4b1af45fd322dcd1fb2a9195b4f93f570d1a5902a842e3e6051385fac88f9c",
                "sha256:bde677047305fe76c7ee3e4492b545e0018918e44141cc154fe39e124e433991",
                "sha256:c389d7cc2b821853fb018c85457da3e7941db64f4387720a329bc7ff06a27963",
                "sha256:d055ff750fcab69ca4e57b656d9c6ad33682e9b8d564f2fbe667ab95c63591b0",
                "sha256:d53f59744b01f1440a1b0973ed2c3a7de204135c593299ee997828aad5191693",
                "sha256:f115150cc4361dd46153302a640c7fa1804ac207f9cc356228248e351a8b4676",
                "sha256:f1e88b30da8163215eab643962ae9d9252e47b4ea53404f2c4f10f24e70ddc62",
                "sha256:f8191fef303025879e6c3548ecd8a95aafc0728c764ab72ec51a0bdf0c91a341"
            ],
            "markers": "python_version >= '2.7' and python_version not in '3.0, 3.1, 3.2, 3.3'",
            "version": "==1.3.22"
        },
        "werkzeug": {
            "hashes": [
                "sha256:2de2a5db0baeae7b2d2664949077c2ac63fbd16d98da0ff71837f7d1dea3fd43",
                "sha256:6c80b1e5ad3665290ea39320b91e1be1e0d5f60652b964a3070216de83d2e47c"
            ],
            "index": "pypi",
            "version": "==1.0.1"
        }
    },
    "develop": {}
}
